{
  "name": "atom-import-cost",
  "version": "0.1.0",
  "lockfileVersion": 1,
  "requires": true,
  "dependencies": {
    "babylon": {
      "version": "6.17.4",
      "resolved": "https://registry.npmjs.org/babylon/-/babylon-6.17.4.tgz",
      "integrity": "sha512-kChlV+0SXkjE0vUn9OZ7pBMWRFd8uq3mZe8x1K6jhuNcAFAtEnjchFAqB+dYEXKyd+JpT6eppRR78QAr5gTsUw=="
    },
    "detective-es6": {
      "version": "1.1.6",
      "resolved": "https://registry.npmjs.org/detective-es6/-/detective-es6-1.1.6.tgz",
      "integrity": "sha1-XZFAVm7v8SxU/mqzk2ZQ1DvOsKY=",
      "requires": {
        "node-source-walk": "3.2.1"
      }
    },
    "node-source-walk": {
      "version": "3.2.1",
      "resolved": "https://registry.npmjs.org/node-source-walk/-/node-source-walk-3.2.1.tgz",
      "integrity": "sha1-Ersbmj+xhz94XEp1R7YDT5U/Zp8=",
      "requires": {
        "babylon": "6.17.4"
      }
    }
  }
}
